
Microsoft Visual Studio Solution File, Format Version 12.00
Project("{FAE04EC0-301F-11D3-BF4B-00C04F79EFBC}") = "BattlebitDL", "BattlebitDL.csproj", "{7AAB1CBC-7D9B-4F0C-B62A-71C7BF1DC249}"
EndProject
Global
	GlobalSection(SolutionConfigurationPlatforms) = preSolution
		Debug|Any CPU = Debug|Any CPU
		Release|Any CPU = Release|Any CPU
	EndGlobalSection
	GlobalSection(ProjectConfigurationPlatforms) = postSolution
		{7AAB1CBC-7D9B-4F0C-B62A-71C7BF1DC249}.Debug|Any CPU.ActiveCfg = Debug|Any CPU
		{7AAB1CBC-7D9B-4F0C-B62A-71C7BF1DC249}.Debug|Any CPU.Build.0 = Debug|Any CPU
		{7AAB1CBC-7D9B-4F0C-B62A-71C7BF1DC249}.Release|Any CPU.ActiveCfg = Release|Any CPU
		{7AAB1CBC-7D9B-4F0C-B62A-71C7BF1DC249}.Release|Any CPU.Build.0 = Release|Any CPU
	EndGlobalSection
EndGlobal
